
Microsoft Visual Studio Solution File, Format Version 12.00
# Visual Studio 15
VisualStudioVersion = 15.0.27703.2042
MinimumVisualStudioVersion = 10.0.40219.1
Project("{FAE04EC0-301F-11D3-BF4B-00C04F79EFBC}") = "WindowsStartupTool.Lib", "WindowsStartupTool.Lib\WindowsStartupTool.Lib.csproj", "{DCE56A30-F279-42C8-8561-E4FE9BB9A462}"
EndProject
Project("{FAE04EC0-301F-11D3-BF4B-00C04F79EFBC}") = "WindowsStartupTool.Client", "WindowsStartupTool.Client\WindowsStartupTool.Client.csproj", "{A67E6ABF-6112-4C46-8F9B-D74A1AE418EB}"
EndProject
Project("{FAE04EC0-301F-11D3-BF4B-00C04F79EFBC}") = "WindowsStartupTool.Service", "WindowsStartupTool.Service\WindowsStartupTool.Service.csproj", "{6FB3BB40-7814-4D20-AE3B-B33427F7DD29}"
EndProject
Project("{FAE04EC0-301F-11D3-BF4B-00C04F79EFBC}") = "WindowsStartupTool.Common", "WindowsStartupTool.Common\WindowsStartupTool.Common.csproj", "{5E452F45-124D-4E6C-81DE-98F8B49C0A73}"
EndProject
Global
	GlobalSection(SolutionConfigurationPlatforms) = preSolution
		Debug|Any CPU = Debug|Any CPU
		Release|Any CPU = Release|Any CPU
	EndGlobalSection
	GlobalSection(ProjectConfigurationPlatforms) = postSolution
		{DCE56A30-F279-42C8-8561-E4FE9BB9A462}.Debug|Any CPU.ActiveCfg = Debug|Any CPU
		{DCE56A30-F279-42C8-8561-E4FE9BB9A462}.Debug|Any CPU.Build.0 = Debug|Any CPU
		{DCE56A30-F279-42C8-8561-E4FE9BB9A462}.Release|Any CPU.ActiveCfg = Release|Any CPU
		{DCE56A30-F279-42C8-8561-E4FE9BB9A462}.Release|Any CPU.Build.0 = Release|Any CPU
		{A67E6ABF-6112-4C46-8F9B-D74A1AE418EB}.Debug|Any CPU.ActiveCfg = Debug|Any CPU
		{A67E6ABF-6112-4C46-8F9B-D74A1AE418EB}.Debug|Any CPU.Build.0 = Debug|Any CPU
		{A67E6ABF-6112-4C46-8F9B-D74A1AE418EB}.Release|Any CPU.ActiveCfg = Release|Any CPU
		{A67E6ABF-6112-4C46-8F9B-D74A1AE418EB}.Release|Any CPU.Build.0 = Release|Any CPU
		{6FB3BB40-7814-4D20-AE3B-B33427F7DD29}.Debug|Any CPU.ActiveCfg = Debug|Any CPU
		{6FB3BB40-7814-4D20-AE3B-B33427F7DD29}.Debug|Any CPU.Build.0 = Debug|Any CPU
		{6FB3BB40-7814-4D20-AE3B-B33427F7DD29}.Release|Any CPU.ActiveCfg = Release|Any CPU
		{6FB3BB40-7814-4D20-AE3B-B33427F7DD29}.Release|Any CPU.Build.0 = Release|Any CPU
		{5E452F45-124D-4E6C-81DE-98F8B49C0A73}.Debug|Any CPU.ActiveCfg = Debug|Any CPU
		{5E452F45-124D-4E6C-81DE-98F8B49C0A73}.Debug|Any CPU.Build.0 = Debug|Any CPU
		{5E452F45-124D-4E6C-81DE-98F8B49C0A73}.Release|Any CPU.ActiveCfg = Release|Any CPU
		{5E452F45-124D-4E6C-81DE-98F8B49C0A73}.Release|Any CPU.Build.0 = Release|Any CPU
	EndGlobalSection
	GlobalSection(SolutionProperties) = preSolution
		HideSolutionNode = FALSE
	EndGlobalSection
	GlobalSection(ExtensibilityGlobals) = postSolution
		SolutionGuid = {1168345F-8409-493C-AEB6-BEEED1FCBB88}
	EndGlobalSection
EndGlobal
