
Microsoft Visual Studio Solution File, Format Version 12.00
# Visual Studio 15
VisualStudioVersion = 15.0.27703.2035
MinimumVisualStudioVersion = 10.0.40219.1
Project("{FAE04EC0-301F-11D3-BF4B-00C04F79EFBC}") = "ProcessController.Client", "ProcessController.Client\ProcessController.Client.csproj", "{08793DC9-DF3C-4056-89D4-9DD53B162037}"
EndProject
Project("{FAE04EC0-301F-11D3-BF4B-00C04F79EFBC}") = "ProcessController.Lib", "ProcessController.Lib\ProcessController.Lib.csproj", "{4F30185E-EE8C-45A8-8058-8C5C4BFDE29F}"
EndProject
Global
	GlobalSection(SolutionConfigurationPlatforms) = preSolution
		Debug|Any CPU = Debug|Any CPU
		Release|Any CPU = Release|Any CPU
	EndGlobalSection
	GlobalSection(ProjectConfigurationPlatforms) = postSolution
		{08793DC9-DF3C-4056-89D4-9DD53B162037}.Debug|Any CPU.ActiveCfg = Debug|Any CPU
		{08793DC9-DF3C-4056-89D4-9DD53B162037}.Debug|Any CPU.Build.0 = Debug|Any CPU
		{08793DC9-DF3C-4056-89D4-9DD53B162037}.Release|Any CPU.ActiveCfg = Release|Any CPU
		{08793DC9-DF3C-4056-89D4-9DD53B162037}.Release|Any CPU.Build.0 = Release|Any CPU
		{4F30185E-EE8C-45A8-8058-8C5C4BFDE29F}.Debug|Any CPU.ActiveCfg = Debug|Any CPU
		{4F30185E-EE8C-45A8-8058-8C5C4BFDE29F}.Debug|Any CPU.Build.0 = Debug|Any CPU
		{4F30185E-EE8C-45A8-8058-8C5C4BFDE29F}.Release|Any CPU.ActiveCfg = Release|Any CPU
		{4F30185E-EE8C-45A8-8058-8C5C4BFDE29F}.Release|Any CPU.Build.0 = Release|Any CPU
	EndGlobalSection
	GlobalSection(SolutionProperties) = preSolution
		HideSolutionNode = FALSE
	EndGlobalSection
	GlobalSection(ExtensibilityGlobals) = postSolution
		SolutionGuid = {C34B6F36-B0B5-40BD-8B0E-901E6A1B0529}
	EndGlobalSection
EndGlobal
