
Microsoft Visual Studio Solution File, Format Version 12.00
# Visual Studio 15
VisualStudioVersion = 15.0.27703.2042
MinimumVisualStudioVersion = 10.0.40219.1
Project("{FAE04EC0-301F-11D3-BF4B-00C04F79EFBC}") = "LicenseChecker.Service", "LicenseChecker.Service\LicenseChecker.Service.csproj", "{80AC6E3F-1167-470B-A913-EDEA805C3FAC}"
EndProject
Project("{FAE04EC0-301F-11D3-BF4B-00C04F79EFBC}") = "LicenseChecker.Client", "LicenseChecker.Client\LicenseChecker.Client.csproj", "{5C69C370-9410-45C0-89F4-0195FC4D8E07}"
EndProject
Global
	GlobalSection(SolutionConfigurationPlatforms) = preSolution
		Debug|Any CPU = Debug|Any CPU
		Release|Any CPU = Release|Any CPU
	EndGlobalSection
	GlobalSection(ProjectConfigurationPlatforms) = postSolution
		{80AC6E3F-1167-470B-A913-EDEA805C3FAC}.Debug|Any CPU.ActiveCfg = Debug|Any CPU
		{80AC6E3F-1167-470B-A913-EDEA805C3FAC}.Debug|Any CPU.Build.0 = Debug|Any CPU
		{80AC6E3F-1167-470B-A913-EDEA805C3FAC}.Release|Any CPU.ActiveCfg = Release|Any CPU
		{80AC6E3F-1167-470B-A913-EDEA805C3FAC}.Release|Any CPU.Build.0 = Release|Any CPU
		{5C69C370-9410-45C0-89F4-0195FC4D8E07}.Debug|Any CPU.ActiveCfg = Debug|Any CPU
		{5C69C370-9410-45C0-89F4-0195FC4D8E07}.Debug|Any CPU.Build.0 = Debug|Any CPU
		{5C69C370-9410-45C0-89F4-0195FC4D8E07}.Release|Any CPU.ActiveCfg = Release|Any CPU
		{5C69C370-9410-45C0-89F4-0195FC4D8E07}.Release|Any CPU.Build.0 = Release|Any CPU
	EndGlobalSection
	GlobalSection(SolutionProperties) = preSolution
		HideSolutionNode = FALSE
	EndGlobalSection
	GlobalSection(ExtensibilityGlobals) = postSolution
		SolutionGuid = {13606681-6619-4175-ABA9-78BFA4D9C70D}
	EndGlobalSection
EndGlobal
