
Microsoft Visual Studio Solution File, Format Version 12.00
# Visual Studio 15
VisualStudioVersion = 15.0.27703.2035
MinimumVisualStudioVersion = 10.0.40219.1
Project("{FAE04EC0-301F-11D3-BF4B-00C04F79EFBC}") = "RemoteRegistryEditor.Client", "RemoteRegistryEditor.Client\RemoteRegistryEditor.Client.csproj", "{68CB4B1E-4915-4385-982E-C0CC4675C07F}"
EndProject
Global
	GlobalSection(SolutionConfigurationPlatforms) = preSolution
		Debug|Any CPU = Debug|Any CPU
		Release|Any CPU = Release|Any CPU
	EndGlobalSection
	GlobalSection(ProjectConfigurationPlatforms) = postSolution
		{68CB4B1E-4915-4385-982E-C0CC4675C07F}.Debug|Any CPU.ActiveCfg = Debug|Any CPU
		{68CB4B1E-4915-4385-982E-C0CC4675C07F}.Debug|Any CPU.Build.0 = Debug|Any CPU
		{68CB4B1E-4915-4385-982E-C0CC4675C07F}.Release|Any CPU.ActiveCfg = Release|Any CPU
		{68CB4B1E-4915-4385-982E-C0CC4675C07F}.Release|Any CPU.Build.0 = Release|Any CPU
	EndGlobalSection
	GlobalSection(SolutionProperties) = preSolution
		HideSolutionNode = FALSE
	EndGlobalSection
	GlobalSection(ExtensibilityGlobals) = postSolution
		SolutionGuid = {EEA16AD3-2456-4EE6-8757-C0289A31FEE3}
	EndGlobalSection
EndGlobal
