
Microsoft Visual Studio Solution File, Format Version 12.00
# Visual Studio 15
VisualStudioVersion = 15.0.27703.2035
MinimumVisualStudioVersion = 10.0.40219.1
Project("{FAE04EC0-301F-11D3-BF4B-00C04F79EFBC}") = "Davinci", "Davinci\Davinci.csproj", "{7BAA8FC9-1511-48F0-9B90-049A707901EB}"
EndProject
Project("{FAE04EC0-301F-11D3-BF4B-00C04F79EFBC}") = "Client", "Client\Client.csproj", "{9620380C-E01A-4D88-B61D-8179DCA0C6CF}"
EndProject
Project("{FAE04EC0-301F-11D3-BF4B-00C04F79EFBC}") = "Common", "Common\Common.csproj", "{41D6D6AB-D8D9-46C3-9018-A1F83CB6B86A}"
EndProject
Global
	GlobalSection(SolutionConfigurationPlatforms) = preSolution
		Debug|Any CPU = Debug|Any CPU
		Release|Any CPU = Release|Any CPU
	EndGlobalSection
	GlobalSection(ProjectConfigurationPlatforms) = postSolution
		{7BAA8FC9-1511-48F0-9B90-049A707901EB}.Debug|Any CPU.ActiveCfg = Debug|Any CPU
		{7BAA8FC9-1511-48F0-9B90-049A707901EB}.Debug|Any CPU.Build.0 = Debug|Any CPU
		{7BAA8FC9-1511-48F0-9B90-049A707901EB}.Release|Any CPU.ActiveCfg = Release|Any CPU
		{7BAA8FC9-1511-48F0-9B90-049A707901EB}.Release|Any CPU.Build.0 = Release|Any CPU
		{9620380C-E01A-4D88-B61D-8179DCA0C6CF}.Debug|Any CPU.ActiveCfg = Debug|Any CPU
		{9620380C-E01A-4D88-B61D-8179DCA0C6CF}.Debug|Any CPU.Build.0 = Debug|Any CPU
		{9620380C-E01A-4D88-B61D-8179DCA0C6CF}.Release|Any CPU.ActiveCfg = Release|Any CPU
		{9620380C-E01A-4D88-B61D-8179DCA0C6CF}.Release|Any CPU.Build.0 = Release|Any CPU
		{41D6D6AB-D8D9-46C3-9018-A1F83CB6B86A}.Debug|Any CPU.ActiveCfg = Debug|Any CPU
		{41D6D6AB-D8D9-46C3-9018-A1F83CB6B86A}.Debug|Any CPU.Build.0 = Debug|Any CPU
		{41D6D6AB-D8D9-46C3-9018-A1F83CB6B86A}.Release|Any CPU.ActiveCfg = Release|Any CPU
		{41D6D6AB-D8D9-46C3-9018-A1F83CB6B86A}.Release|Any CPU.Build.0 = Release|Any CPU
	EndGlobalSection
	GlobalSection(SolutionProperties) = preSolution
		HideSolutionNode = FALSE
	EndGlobalSection
	GlobalSection(ExtensibilityGlobals) = postSolution
		SolutionGuid = {A989C4B0-CAAA-45EC-9A67-F04BC9C73290}
	EndGlobalSection
EndGlobal
